// !$*UTF8*$!
{
	archiveVersion = 1;
	classes = {
	};
	objectVersion = 55;
	objects = {

/* Begin PBXBuildFile section */
		8C56FDF527691DBA004598BA /* AppDelegate.swift in Sources */ = {isa = PBXBuildFile; fileRef = 8C56FDF427691DBA004598BA /* AppDelegate.swift */; };
		8C56FDF727691DBA004598BA /* SceneDelegate.swift in Sources */ = {isa = PBXBuildFile; fileRef = 8C56FDF627691DBA004598BA /* SceneDelegate.swift */; };
		8C56FDF927691DBA004598BA /* HomeViewController.swift in Sources */ = {isa = PBXBuildFile; fileRef = 8C56FDF827691DBA004598BA /* HomeViewController.swift */; };
		8C56FDFE27691DBC004598BA /* Assets.xcassets in Resources */ = {isa = PBXBuildFile; fileRef = 8C56FDFD27691DBC004598BA /* Assets.xcassets */; };
		8C56FE0127691DBC004598BA /* LaunchScreen.storyboard in Resources */ = {isa = PBXBuildFile; fileRef = 8C56FDFF27691DBC004598BA /* LaunchScreen.storyboard */; };
		8C56FE0B27693DAE004598BA /* Coordinator.swift in Sources */ = {isa = PBXBuildFile; fileRef = 8C56FE0A27693DAE004598BA /* Coordinator.swift */; };
		8C56FE0E27693DF8004598BA /* AppCoordinator.swift in Sources */ = {isa = PBXBuildFile; fileRef = 8C56FE0D27693DF8004598BA /* AppCoordinator.swift */; };
		8C56FE162769449C004598BA /* APIClient.swift in Sources */ = {isa = PBXBuildFile; fileRef = 8C56FE152769449C004598BA /* APIClient.swift */; };
		8CA68E9F276A65630061537A /* RxSwift in Frameworks */ = {isa = PBXBuildFile; productRef = 8CA68E9E276A65630061537A /* RxSwift */; };
		8CA68EA3276A676F0061537A /* Repository.swift in Sources */ = {isa = PBXBuildFile; fileRef = 8CA68EA2276A676F0061537A /* Repository.swift */; };
		8CA68EA8276A7CD80061537A /* Alamofire in Frameworks */ = {isa = PBXBuildFile; productRef = 8CA68EA7276A7CD80061537A /* Alamofire */; };
		8CA68EAA276A8BD80061537A /* APIResponse.swift in Sources */ = {isa = PBXBuildFile; fileRef = 8CA68EA9276A8BD80061537A /* APIResponse.swift */; };
		8CA68EAD276A8D0E0061537A /* ObjectMapper in Frameworks */ = {isa = PBXBuildFile; productRef = 8CA68EAC276A8D0E0061537A /* ObjectMapper */; };
		8CA68EAF276A93EC0061537A /* Owner.swift in Sources */ = {isa = PBXBuildFile; fileRef = 8CA68EAE276A93EC0061537A /* Owner.swift */; };
		8CA68EB3276A99390061537A /* PromiseKit in Frameworks */ = {isa = PBXBuildFile; productRef = 8CA68EB2276A99390061537A /* PromiseKit */; };
		8CA68EB6276AC29A0061537A /* AlamofireImage in Frameworks */ = {isa = PBXBuildFile; productRef = 8CA68EB5276AC29A0061537A /* AlamofireImage */; };
		8CA68EBA276BC6DF0061537A /* DetailsViewController.swift in Sources */ = {isa = PBXBuildFile; fileRef = 8CA68EB9276BC6DF0061537A /* DetailsViewController.swift */; };
		8CA68EBC276BE4B20061537A /* MainCoordinator.swift in Sources */ = {isa = PBXBuildFile; fileRef = 8CA68EBB276BE4B20061537A /* MainCoordinator.swift */; };
/* End PBXBuildFile section */

/* Begin PBXCopyFilesBuildPhase section */
		8CA68E9827694DA20061537A /* Embed Frameworks */ = {
			isa = PBXCopyFilesBuildPhase;
			buildActionMask = 2147483647;
			dstPath = "";
			dstSubfolderSpec = 10;
			files = (
			);
			name = "Embed Frameworks";
			runOnlyForDeploymentPostprocessing = 0;
		};
/* End PBXCopyFilesBuildPhase section */

/* Begin PBXFileReference section */
		8C56FDF127691DBA004598BA /* TesteIosModal.app */ = {isa = PBXFileReference; explicitFileType = wrapper.application; includeInIndex = 0; path = TesteIosModal.app; sourceTree = BUILT_PRODUCTS_DIR; };
		8C56FDF427691DBA004598BA /* AppDelegate.swift */ = {isa = PBXFileReference; lastKnownFileType = sourcecode.swift; path = AppDelegate.swift; sourceTree = "<group>"; };
		8C56FDF627691DBA004598BA /* SceneDelegate.swift */ = {isa = PBXFileReference; lastKnownFileType = sourcecode.swift; path = SceneDelegate.swift; sourceTree = "<group>"; };
		8C56FDF827691DBA004598BA /* HomeViewController.swift */ = {isa = PBXFileReference; lastKnownFileType = sourcecode.swift; path = HomeViewController.swift; sourceTree = "<group>"; };
		8C56FDFD27691DBC004598BA /* Assets.xcassets */ = {isa = PBXFileReference; lastKnownFileType = folder.assetcatalog; path = Assets.xcassets; sourceTree = "<group>"; };
		8C56FE0027691DBC004598BA /* Base */ = {isa = PBXFileReference; lastKnownFileType = file.storyboard; name = Base; path = Base.lproj/LaunchScreen.storyboard; sourceTree = "<group>"; };
		8C56FE0227691DBC004598BA /* Info.plist */ = {isa = PBXFileReference; lastKnownFileType = text.plist.xml; path = Info.plist; sourceTree = "<group>"; };
		8C56FE0A27693DAE004598BA /* Coordinator.swift */ = {isa = PBXFileReference; lastKnownFileType = sourcecode.swift; path = Coordinator.swift; sourceTree = "<group>"; };
		8C56FE0D27693DF8004598BA /* AppCoordinator.swift */ = {isa = PBXFileReference; lastKnownFileType = sourcecode.swift; path = AppCoordinator.swift; sourceTree = "<group>"; };
		8C56FE152769449C004598BA /* APIClient.swift */ = {isa = PBXFileReference; lastKnownFileType = sourcecode.swift; path = APIClient.swift; sourceTree = "<group>"; };
		8CA68EA2276A676F0061537A /* Repository.swift */ = {isa = PBXFileReference; lastKnownFileType = sourcecode.swift; path = Repository.swift; sourceTree = "<group>"; };
		8CA68EA9276A8BD80061537A /* APIResponse.swift */ = {isa = PBXFileReference; lastKnownFileType = sourcecode.swift; path = APIResponse.swift; sourceTree = "<group>"; };
		8CA68EAE276A93EC0061537A /* Owner.swift */ = {isa = PBXFileReference; lastKnownFileType = sourcecode.swift; path = Owner.swift; sourceTree = "<group>"; };
		8CA68EB9276BC6DF0061537A /* DetailsViewController.swift */ = {isa = PBXFileReference; lastKnownFileType = sourcecode.swift; path = DetailsViewController.swift; sourceTree = "<group>"; };
		8CA68EBB276BE4B20061537A /* MainCoordinator.swift */ = {isa = PBXFileReference; lastKnownFileType = sourcecode.swift; path = MainCoordinator.swift; sourceTree = "<group>"; };
/* End PBXFileReference section */

/* Begin PBXFrameworksBuildPhase section */
		8C56FDEE27691DBA004598BA /* Frameworks */ = {
			isa = PBXFrameworksBuildPhase;
			buildActionMask = 2147483647;
			files = (
				8CA68EAD276A8D0E0061537A /* ObjectMapper in Frameworks */,
				8CA68EB3276A99390061537A /* PromiseKit in Frameworks */,
				8CA68EB6276AC29A0061537A /* AlamofireImage in Frameworks */,
				8CA68E9F276A65630061537A /* RxSwift in Frameworks */,
				8CA68EA8276A7CD80061537A /* Alamofire in Frameworks */,
			);
			runOnlyForDeploymentPostprocessing = 0;
		};
/* End PBXFrameworksBuildPhase section */

/* Begin PBXGroup section */
		8C56FDE827691DBA004598BA = {
			isa = PBXGroup;
			children = (
				8C56FDF327691DBA004598BA /* TesteIosModal */,
				8C56FDF227691DBA004598BA /* Products */,
			);
			sourceTree = "<group>";
		};
		8C56FDF227691DBA004598BA /* Products */ = {
			isa = PBXGroup;
			children = (
				8C56FDF127691DBA004598BA /* TesteIosModal.app */,
			);
			name = Products;
			sourceTree = "<group>";
		};
		8C56FDF327691DBA004598BA /* TesteIosModal */ = {
			isa = PBXGroup;
			children = (
				8C56FE17276944A1004598BA /* WebServices */,
				8C56FE082769229B004598BA /* Resources */,
				8C56FE09276922EF004598BA /* Views */,
				8C56FE0C27693DB2004598BA /* Coordinators */,
				8CA68EA5276A67930061537A /* Models */,
				8C56FE0227691DBC004598BA /* Info.plist */,
			);
			path = TesteIosModal;
			sourceTree = "<group>";
		};
		8C56FE082769229B004598BA /* Resources */ = {
			isa = PBXGroup;
			children = (
				8C56FDF427691DBA004598BA /* AppDelegate.swift */,
				8C56FDF627691DBA004598BA /* SceneDelegate.swift */,
				8C56FDFD27691DBC004598BA /* Assets.xcassets */,
			);
			path = Resources;
			sourceTree = "<group>";
		};
		8C56FE09276922EF004598BA /* Views */ = {
			isa = PBXGroup;
			children = (
				8C56FDF827691DBA004598BA /* HomeViewController.swift */,
				8C56FDFF27691DBC004598BA /* LaunchScreen.storyboard */,
				8CA68EB9276BC6DF0061537A /* DetailsViewController.swift */,
			);
			path = Views;
			sourceTree = "<group>";
		};
		8C56FE0C27693DB2004598BA /* Coordinators */ = {
			isa = PBXGroup;
			children = (
				8C56FE0A27693DAE004598BA /* Coordinator.swift */,
				8C56FE0D27693DF8004598BA /* AppCoordinator.swift */,
				8CA68EBB276BE4B20061537A /* MainCoordinator.swift */,
			);
			path = Coordinators;
			sourceTree = "<group>";
		};
		8C56FE17276944A1004598BA /* WebServices */ = {
			isa = PBXGroup;
			children = (
				8C56FE152769449C004598BA /* APIClient.swift */,
				8CA68EA9276A8BD80061537A /* APIResponse.swift */,
			);
			path = WebServices;
			sourceTree = "<group>";
		};
		8CA68EA5276A67930061537A /* Models */ = {
			isa = PBXGroup;
			children = (
				8CA68EA2276A676F0061537A /* Repository.swift */,
				8CA68EAE276A93EC0061537A /* Owner.swift */,
			);
			path = Models;
			sourceTree = "<group>";
		};
/* End PBXGroup section */

/* Begin PBXNativeTarget section */
		8C56FDF027691DBA004598BA /* TesteIosModal */ = {
			isa = PBXNativeTarget;
			buildConfigurationList = 8C56FE0527691DBC004598BA /* Build configuration list for PBXNativeTarget "TesteIosModal" */;
			buildPhases = (
				8C56FDED27691DBA004598BA /* Sources */,
				8C56FDEE27691DBA004598BA /* Frameworks */,
				8C56FDEF27691DBA004598BA /* Resources */,
				8CA68E9827694DA20061537A /* Embed Frameworks */,
			);
			buildRules = (
			);
			dependencies = (
			);
			name = TesteIosModal;
			packageProductDependencies = (
				8CA68E9E276A65630061537A /* RxSwift */,
				8CA68EA7276A7CD80061537A /* Alamofire */,
				8CA68EAC276A8D0E0061537A /* ObjectMapper */,
				8CA68EB2276A99390061537A /* PromiseKit */,
				8CA68EB5276AC29A0061537A /* AlamofireImage */,
			);
			productName = TesteIosModal;
			productReference = 8C56FDF127691DBA004598BA /* TesteIosModal.app */;
			productType = "com.apple.product-type.application";
		};
/* End PBXNativeTarget section */

/* Begin PBXProject section */
		8C56FDE927691DBA004598BA /* Project object */ = {
			isa = PBXProject;
			attributes = {
				BuildIndependentTargetsInParallel = 1;
				LastSwiftUpdateCheck = 1310;
				LastUpgradeCheck = 1310;
				TargetAttributes = {
					8C56FDF027691DBA004598BA = {
						CreatedOnToolsVersion = 13.1;
					};
				};
			};
			buildConfigurationList = 8C56FDEC27691DBA004598BA /* Build configuration list for PBXProject "TesteIosModal" */;
			compatibilityVersion = "Xcode 13.0";
			developmentRegion = en;
			hasScannedForEncodings = 0;
			knownRegions = (
				en,
				Base,
			);
			mainGroup = 8C56FDE827691DBA004598BA;
			packageReferences = (
				8CA68E9D276A65630061537A /* XCRemoteSwiftPackageReference "RxSwift" */,
				8CA68EA6276A7CD80061537A /* XCRemoteSwiftPackageReference "Alamofire" */,
				8CA68EAB276A8D0E0061537A /* XCRemoteSwiftPackageReference "ObjectMapper" */,
				8CA68EB1276A99390061537A /* XCRemoteSwiftPackageReference "PromiseKit" */,
				8CA68EB4276AC2990061537A /* XCRemoteSwiftPackageReference "AlamofireImage" */,
			);
			productRefGroup = 8C56FDF227691DBA004598BA /* Products */;
			projectDirPath = "";
			projectRoot = "";
			targets = (
				8C56FDF027691DBA004598BA /* TesteIosModal */,
			);
		};
/* End PBXProject section */

/* Begin PBXResourcesBuildPhase section */
		8C56FDEF27691DBA004598BA /* Resources */ = {
			isa = PBXResourcesBuildPhase;
			buildActionMask = 2147483647;
			files = (
				8C56FE0127691DBC004598BA /* LaunchScreen.storyboard in Resources */,
				8C56FDFE27691DBC004598BA /* Assets.xcassets in Resources */,
			);
			runOnlyForDeploymentPostprocessing = 0;
		};
/* End PBXResourcesBuildPhase section */

/* Begin PBXSourcesBuildPhase section */
		8C56FDED27691DBA004598BA /* Sources */ = {
			isa = PBXSourcesBuildPhase;
			buildActionMask = 2147483647;
			files = (
				8CA68EA3276A676F0061537A /* Repository.swift in Sources */,
				8C56FE0B27693DAE004598BA /* Coordinator.swift in Sources */,
				8C56FDF927691DBA004598BA /* HomeViewController.swift in Sources */,
				8CA68EBA276BC6DF0061537A /* DetailsViewController.swift in Sources */,
				8C56FE0E27693DF8004598BA /* AppCoordinator.swift in Sources */,
				8CA68EAF276A93EC0061537A /* Owner.swift in Sources */,
				8C56FDF527691DBA004598BA /* AppDelegate.swift in Sources */,
				8CA68EAA276A8BD80061537A /* APIResponse.swift in Sources */,
				8CA68EBC276BE4B20061537A /* MainCoordinator.swift in Sources */,
				8C56FDF727691DBA004598BA /* SceneDelegate.swift in Sources */,
				8C56FE162769449C004598BA /* APIClient.swift in Sources */,
			);
			runOnlyForDeploymentPostprocessing = 0;
		};
/* End PBXSourcesBuildPhase section */

/* Begin PBXVariantGroup section */
		8C56FDFF27691DBC004598BA /* LaunchScreen.storyboard */ = {
			isa = PBXVariantGroup;
			children = (
				8C56FE0027691DBC004598BA /* Base */,
			);
			name = LaunchScreen.storyboard;
			sourceTree = "<group>";
		};
/* End PBXVariantGroup section */

/* Begin XCBuildConfiguration section */
		8C56FE0327691DBC004598BA /* Debug */ = {
			isa = XCBuildConfiguration;
			buildSettings = {
				ALWAYS_SEARCH_USER_PATHS = NO;
				CLANG_ANALYZER_NONNULL = YES;
				CLANG_ANALYZER_NUMBER_OBJECT_CONVERSION = YES_AGGRESSIVE;
				CLANG_CXX_LANGUAGE_STANDARD = "gnu++17";
				CLANG_CXX_LIBRARY = "libc++";
				CLANG_ENABLE_MODULES = YES;
				CLANG_ENABLE_OBJC_ARC = YES;
				CLANG_ENABLE_OBJC_WEAK = YES;
				CLANG_WARN_BLOCK_CAPTURE_AUTORELEASING = YES;
				CLANG_WARN_BOOL_CONVERSION = YES;
				CLANG_WARN_COMMA = YES;
				CLANG_WARN_CONSTANT_CONVERSION = YES;
				CLANG_WARN_DEPRECATED_OBJC_IMPLEMENTATIONS = YES;
				CLANG_WARN_DIRECT_OBJC_ISA_USAGE = YES_ERROR;
				CLANG_WARN_DOCUMENTATION_COMMENTS = YES;
				CLANG_WARN_EMPTY_BODY = YES;
				CLANG_WARN_ENUM_CONVERSION = YES;
				CLANG_WARN_INFINITE_RECURSION = YES;
				CLANG_WARN_INT_CONVERSION = YES;
				CLANG_WARN_NON_LITERAL_NULL_CONVERSION = YES;
				CLANG_WARN_OBJC_IMPLICIT_RETAIN_SELF = YES;
				CLANG_WARN_OBJC_LITERAL_CONVERSION = YES;
				CLANG_WARN_OBJC_ROOT_CLASS = YES_ERROR;
				CLANG_WARN_QUOTED_INCLUDE_IN_FRAMEWORK_HEADER = YES;
				CLANG_WARN_RANGE_LOOP_ANALYSIS = YES;
				CLANG_WARN_STRICT_PROTOTYPES = YES;
				CLANG_WARN_SUSPICIOUS_MOVE = YES;
				CLANG_WARN_UNGUARDED_AVAILABILITY = YES_AGGRESSIVE;
				CLANG_WARN_UNREACHABLE_CODE = YES;
				CLANG_WARN__DUPLICATE_METHOD_MATCH = YES;
				COPY_PHASE_STRIP = NO;
				DEBUG_INFORMATION_FORMAT = dwarf;
				ENABLE_STRICT_OBJC_MSGSEND = YES;
				ENABLE_TESTABILITY = YES;
				GCC_C_LANGUAGE_STANDARD = gnu11;
				GCC_DYNAMIC_NO_PIC = NO;
				GCC_NO_COMMON_BLOCKS = YES;
				GCC_OPTIMIZATION_LEVEL = 0;
				GCC_PREPROCESSOR_DEFINITIONS = (
					"DEBUG=1",
					"$(inherited)",
				);
				GCC_WARN_64_TO_32_BIT_CONVERSION = YES;
				GCC_WARN_ABOUT_RETURN_TYPE = YES_ERROR;
				GCC_WARN_UNDECLARED_SELECTOR = YES;
				GCC_WARN_UNINITIALIZED_AUTOS = YES_AGGRESSIVE;
				GCC_WARN_UNUSED_FUNCTION = YES;
				GCC_WARN_UNUSED_VARIABLE = YES;
				IPHONEOS_DEPLOYMENT_TARGET = 15.0;
				MTL_ENABLE_DEBUG_INFO = INCLUDE_SOURCE;
				MTL_FAST_MATH = YES;
				ONLY_ACTIVE_ARCH = YES;
				SDKROOT = iphoneos;
				SWIFT_ACTIVE_COMPILATION_CONDITIONS = DEBUG;
				SWIFT_OPTIMIZATION_LEVEL = "-Onone";
			};
			name = Debug;
		};
		8C56FE0427691DBC004598BA /* Release */ = {
			isa = XCBuildConfiguration;
			buildSettings = {
				ALWAYS_SEARCH_USER_PATHS = NO;
				CLANG_ANALYZER_NONNULL = YES;
				CLANG_ANALYZER_NUMBER_OBJECT_CONVERSION = YES_AGGRESSIVE;
				CLANG_CXX_LANGUAGE_STANDARD = "gnu++17";
				CLANG_CXX_LIBRARY = "libc++";
				CLANG_ENABLE_MODULES = YES;
				CLANG_ENABLE_OBJC_ARC = YES;
				CLANG_ENABLE_OBJC_WEAK = YES;
				CLANG_WARN_BLOCK_CAPTURE_AUTORELEASING = YES;
				CLANG_WARN_BOOL_CONVERSION = YES;
				CLANG_WARN_COMMA = YES;
				CLANG_WARN_CONSTANT_CONVERSION = YES;
				CLANG_WARN_DEPRECATED_OBJC_IMPLEMENTATIONS = YES;
				CLANG_WARN_DIRECT_OBJC_ISA_USAGE = YES_ERROR;
				CLANG_WARN_DOCUMENTATION_COMMENTS = YES;
				CLANG_WARN_EMPTY_BODY = YES;
				CLANG_WARN_ENUM_CONVERSION = YES;
				CLANG_WARN_INFINITE_RECURSION = YES;
				CLANG_WARN_INT_CONVERSION = YES;
				CLANG_WARN_NON_LITERAL_NULL_CONVERSION = YES;
				CLANG_WARN_OBJC_IMPLICIT_RETAIN_SELF = YES;
				CLANG_WARN_OBJC_LITERAL_CONVERSION = YES;
				CLANG_WARN_OBJC_ROOT_CLASS = YES_ERROR;
				CLANG_WARN_QUOTED_INCLUDE_IN_FRAMEWORK_HEADER = YES;
				CLANG_WARN_RANGE_LOOP_ANALYSIS = YES;
				CLANG_WARN_STRICT_PROTOTYPES = YES;
				CLANG_WARN_SUSPICIOUS_MOVE = YES;
				CLANG_WARN_UNGUARDED_AVAILABILITY = YES_AGGRESSIVE;
				CLANG_WARN_UNREACHABLE_CODE = YES;
				CLANG_WARN__DUPLICATE_METHOD_MATCH = YES;
				COPY_PHASE_STRIP = NO;
				DEBUG_INFORMATION_FORMAT = "dwarf-with-dsym";
				ENABLE_NS_ASSERTIONS = NO;
				ENABLE_STRICT_OBJC_MSGSEND = YES;
				GCC_C_LANGUAGE_STANDARD = gnu11;
				GCC_NO_COMMON_BLOCKS = YES;
				GCC_WARN_64_TO_32_BIT_CONVERSION = YES;
				GCC_WARN_ABOUT_RETURN_TYPE = YES_ERROR;
				GCC_WARN_UNDECLARED_SELECTOR = YES;
				GCC_WARN_UNINITIALIZED_AUTOS = YES_AGGRESSIVE;
				GCC_WARN_UNUSED_FUNCTION = YES;
				GCC_WARN_UNUSED_VARIABLE = YES;
				IPHONEOS_DEPLOYMENT_TARGET = 15.0;
				MTL_ENABLE_DEBUG_INFO = NO;
				MTL_FAST_MATH = YES;
				SDKROOT = iphoneos;
				SWIFT_COMPILATION_MODE = wholemodule;
				SWIFT_OPTIMIZATION_LEVEL = "-O";
				VALIDATE_PRODUCT = YES;
			};
			name = Release;
		};
		8C56FE0627691DBC004598BA /* Debug */ = {
			isa = XCBuildConfiguration;
			buildSettings = {
				ASSETCATALOG_COMPILER_APPICON_NAME = AppIcon;
				ASSETCATALOG_COMPILER_GLOBAL_ACCENT_COLOR_NAME = AccentColor;
				CODE_SIGN_STYLE = Automatic;
				CURRENT_PROJECT_VERSION = 1;
				DEVELOPMENT_TEAM = TYA458BPJH;
				FRAMEWORK_SEARCH_PATHS = (
					"$(inherited)",
					"$(PROJECT_DIR)/Carthage/Build/iOS",
				);
				GENERATE_INFOPLIST_FILE = YES;
				INFOPLIST_FILE = TesteIosModal/Info.plist;
				INFOPLIST_KEY_UIApplicationSupportsIndirectInputEvents = YES;
				INFOPLIST_KEY_UILaunchStoryboardName = LaunchScreen;
				INFOPLIST_KEY_UISupportedInterfaceOrientations_iPad = "UIInterfaceOrientationPortrait UIInterfaceOrientationPortraitUpsideDown UIInterfaceOrientationLandscapeLeft UIInterfaceOrientationLandscapeRight";
				INFOPLIST_KEY_UISupportedInterfaceOrientations_iPhone = "UIInterfaceOrientationPortrait UIInterfaceOrientationLandscapeLeft UIInterfaceOrientationLandscapeRight";
				LD_RUNPATH_SEARCH_PATHS = (
					"$(inherited)",
					"@executable_path/Frameworks",
				);
				MARKETING_VERSION = 1.0;
				PRODUCT_BUNDLE_IDENTIFIER = personal.TesteIosModal;
				PRODUCT_NAME = "$(TARGET_NAME)";
				SWIFT_EMIT_LOC_STRINGS = YES;
				SWIFT_VERSION = 5.0;
				TARGETED_DEVICE_FAMILY = "1,2";
			};
			name = Debug;
		};
		8C56FE0727691DBC004598BA /* Release */ = {
			isa = XCBuildConfiguration;
			buildSettings = {
				ASSETCATALOG_COMPILER_APPICON_NAME = AppIcon;
				ASSETCATALOG_COMPILER_GLOBAL_ACCENT_COLOR_NAME = AccentColor;
				CODE_SIGN_STYLE = Automatic;
				CURRENT_PROJECT_VERSION = 1;
				DEVELOPMENT_TEAM = TYA458BPJH;
				FRAMEWORK_SEARCH_PATHS = (
					"$(inherited)",
					"$(PROJECT_DIR)/Carthage/Build/iOS",
				);
				GENERATE_INFOPLIST_FILE = YES;
				INFOPLIST_FILE = TesteIosModal/Info.plist;
				INFOPLIST_KEY_UIApplicationSupportsIndirectInputEvents = YES;
				INFOPLIST_KEY_UILaunchStoryboardName = LaunchScreen;
				INFOPLIST_KEY_UISupportedInterfaceOrientations_iPad = "UIInterfaceOrientationPortrait UIInterfaceOrientationPortraitUpsideDown UIInterfaceOrientationLandscapeLeft UIInterfaceOrientationLandscapeRight";
				INFOPLIST_KEY_UISupportedInterfaceOrientations_iPhone = "UIInterfaceOrientationPortrait UIInterfaceOrientationLandscapeLeft UIInterfaceOrientationLandscapeRight";
				LD_RUNPATH_SEARCH_PATHS = (
					"$(inherited)",
					"@executable_path/Frameworks",
				);
				MARKETING_VERSION = 1.0;
				PRODUCT_BUNDLE_IDENTIFIER = personal.TesteIosModal;
				PRODUCT_NAME = "$(TARGET_NAME)";
				SWIFT_EMIT_LOC_STRINGS = YES;
				SWIFT_VERSION = 5.0;
				TARGETED_DEVICE_FAMILY = "1,2";
			};
			name = Release;
		};
/* End XCBuildConfiguration section */

/* Begin XCConfigurationList section */
		8C56FDEC27691DBA004598BA /* Build configuration list for PBXProject "TesteIosModal" */ = {
			isa = XCConfigurationList;
			buildConfigurations = (
				8C56FE0327691DBC004598BA /* Debug */,
				8C56FE0427691DBC004598BA /* Release */,
			);
			defaultConfigurationIsVisible = 0;
			defaultConfigurationName = Release;
		};
		8C56FE0527691DBC004598BA /* Build configuration list for PBXNativeTarget "TesteIosModal" */ = {
			isa = XCConfigurationList;
			buildConfigurations = (
				8C56FE0627691DBC004598BA /* Debug */,
				8C56FE0727691DBC004598BA /* Release */,
			);
			defaultConfigurationIsVisible = 0;
			defaultConfigurationName = Release;
		};
/* End XCConfigurationList section */

/* Begin XCRemoteSwiftPackageReference section */
		8CA68E9D276A65630061537A /* XCRemoteSwiftPackageReference "RxSwift" */ = {
			isa = XCRemoteSwiftPackageReference;
			repositoryURL = "https://github.com/ReactiveX/RxSwift.git";
			requirement = {
				kind = upToNextMajorVersion;
				minimumVersion = 6.0.0;
			};
		};
		8CA68EA6276A7CD80061537A /* XCRemoteSwiftPackageReference "Alamofire" */ = {
			isa = XCRemoteSwiftPackageReference;
			repositoryURL = "https://github.com/Alamofire/Alamofire.git";
			requirement = {
				kind = upToNextMajorVersion;
				minimumVersion = 5.0.0;
			};
		};
		8CA68EAB276A8D0E0061537A /* XCRemoteSwiftPackageReference "ObjectMapper" */ = {
			isa = XCRemoteSwiftPackageReference;
			repositoryURL = "https://github.com/tristanhimmelman/ObjectMapper.git";
			requirement = {
				kind = upToNextMajorVersion;
				minimumVersion = 4.0.0;
			};
		};
		8CA68EB1276A99390061537A /* XCRemoteSwiftPackageReference "PromiseKit" */ = {
			isa = XCRemoteSwiftPackageReference;
			repositoryURL = "https://github.com/mxcl/PromiseKit.git";
			requirement = {
				kind = upToNextMajorVersion;
				minimumVersion = 6.8.4;
			};
		};
		8CA68EB4276AC2990061537A /* XCRemoteSwiftPackageReference "AlamofireImage" */ = {
			isa = XCRemoteSwiftPackageReference;
			repositoryURL = "https://github.com/Alamofire/AlamofireImage.git";
			requirement = {
				kind = upToNextMajorVersion;
				minimumVersion = 4.0.0;
			};
		};
/* End XCRemoteSwiftPackageReference section */

/* Begin XCSwiftPackageProductDependency section */
		8CA68E9E276A65630061537A /* RxSwift */ = {
			isa = XCSwiftPackageProductDependency;
			package = 8CA68E9D276A65630061537A /* XCRemoteSwiftPackageReference "RxSwift" */;
			productName = RxSwift;
		};
		8CA68EA7276A7CD80061537A /* Alamofire */ = {
			isa = XCSwiftPackageProductDependency;
			package = 8CA68EA6276A7CD80061537A /* XCRemoteSwiftPackageReference "Alamofire" */;
			productName = Alamofire;
		};
		8CA68EAC276A8D0E0061537A /* ObjectMapper */ = {
			isa = XCSwiftPackageProductDependency;
			package = 8CA68EAB276A8D0E0061537A /* XCRemoteSwiftPackageReference "ObjectMapper" */;
			productName = ObjectMapper;
		};
		8CA68EB2276A99390061537A /* PromiseKit */ = {
			isa = XCSwiftPackageProductDependency;
			package = 8CA68EB1276A99390061537A /* XCRemoteSwiftPackageReference "PromiseKit" */;
			productName = PromiseKit;
		};
		8CA68EB5276AC29A0061537A /* AlamofireImage */ = {
			isa = XCSwiftPackageProductDependency;
			package = 8CA68EB4276AC2990061537A /* XCRemoteSwiftPackageReference "AlamofireImage" */;
			productName = AlamofireImage;
		};
/* End XCSwiftPackageProductDependency section */
	};
	rootObject = 8C56FDE927691DBA004598BA /* Project object */;
}
